
Microsoft Visual Studio Solution File, Format Version 12.00
# Visual Studio Version 17
VisualStudioVersion = 17.14.36414.22 d17.14
MinimumVisualStudioVersion = 10.0.40219.1
Project("{FAE04EC0-301F-11D3-BF4B-00C04F79EFBC}") = "WebApplication2", "WebApplication2\WebApplication2.csproj", "{5AF996F4-A07D-46E4-B500-2809D214DEB6}"
EndProject
Global
	GlobalSection(SolutionConfigurationPlatforms) = preSolution
		Debug|Any CPU = Debug|Any CPU
		Release|Any CPU = Release|Any CPU
	EndGlobalSection
	GlobalSection(ProjectConfigurationPlatforms) = postSolution
		{5AF996F4-A07D-46E4-B500-2809D214DEB6}.Debug|Any CPU.ActiveCfg = Debug|Any CPU
		{5AF996F4-A07D-46E4-B500-2809D214DEB6}.Debug|Any CPU.Build.0 = Debug|Any CPU
		{5AF996F4-A07D-46E4-B500-2809D214DEB6}.Release|Any CPU.ActiveCfg = Release|Any CPU
		{5AF996F4-A07D-46E4-B500-2809D214DEB6}.Release|Any CPU.Build.0 = Release|Any CPU
	EndGlobalSection
	GlobalSection(SolutionProperties) = preSolution
		HideSolutionNode = FALSE
	EndGlobalSection
	GlobalSection(ExtensibilityGlobals) = postSolution
		SolutionGuid = {54BB9EBF-34A4-4086-8894-46D1EBC84BCA}
	EndGlobalSection
EndGlobal
